
Microsoft Visual Studio Solution File, Format Version 12.00
# Visual Studio 2012
Project("{FAE04EC0-301F-11D3-BF4B-00C04F79EFBC}") = "Modul02", "Modul02\Modul02.csproj", "{46F1F450-E2B2-4869-BF76-55BEA7A77AAC}"
EndProject
Global
	GlobalSection(SolutionConfigurationPlatforms) = preSolution
		Debug|x86 = Debug|x86
		Release|x86 = Release|x86
	EndGlobalSection
	GlobalSection(ProjectConfigurationPlatforms) = postSolution
		{46F1F450-E2B2-4869-BF76-55BEA7A77AAC}.Debug|x86.ActiveCfg = Debug|x86
		{46F1F450-E2B2-4869-BF76-55BEA7A77AAC}.Debug|x86.Build.0 = Debug|x86
		{46F1F450-E2B2-4869-BF76-55BEA7A77AAC}.Release|x86.ActiveCfg = Release|x86
		{46F1F450-E2B2-4869-BF76-55BEA7A77AAC}.Release|x86.Build.0 = Release|x86
	EndGlobalSection
EndGlobal
